
Microsoft Visual Studio Solution File, Format Version 12.00
# Visual Studio Version 16
VisualStudioVersion = 16.0.30320.27
MinimumVisualStudioVersion = 10.0.40219.1
Project("{FAE04EC0-301F-11D3-BF4B-00C04F79EFBC}") = "Text Adventure", "Text Adventure.csproj", "{A922066E-09D2-466E-990B-CA20CEF82386}"
EndProject
Global
	GlobalSection(SolutionConfigurationPlatforms) = preSolution
		Debug|Any CPU = Debug|Any CPU
		Release|Any CPU = Release|Any CPU
	EndGlobalSection
	GlobalSection(ProjectConfigurationPlatforms) = postSolution
		{A922066E-09D2-466E-990B-CA20CEF82386}.Debug|Any CPU.ActiveCfg = Debug|Any CPU
		{A922066E-09D2-466E-990B-CA20CEF82386}.Debug|Any CPU.Build.0 = Debug|Any CPU
		{A922066E-09D2-466E-990B-CA20CEF82386}.Release|Any CPU.ActiveCfg = Release|Any CPU
		{A922066E-09D2-466E-990B-CA20CEF82386}.Release|Any CPU.Build.0 = Release|Any CPU
	EndGlobalSection
	GlobalSection(SolutionProperties) = preSolution
		HideSolutionNode = FALSE
	EndGlobalSection
	GlobalSection(ExtensibilityGlobals) = postSolution
		SolutionGuid = {B642DE7E-AC0E-4847-A630-F5B3A09E8091}
	EndGlobalSection
EndGlobal
